
Microsoft Visual Studio Solution File, Format Version 12.00
# Visual Studio Version 17
VisualStudioVersion = 17.9.34728.123
MinimumVisualStudioVersion = 10.0.40219.1
Project("{FAE04EC0-301F-11D3-BF4B-00C04F79EFBC}") = "RealEstate.Server", "RealEstate.Server\RealEstate.Server.csproj", "{80EA57D7-DF88-4D6D-9E14-173EB9F37265}"
EndProject
Project("{54A90642-561A-4BB1-A94E-469ADEE60C69}") = "realestate.client", "realestate.client\realestate.client.esproj", "{81FCA51B-0C88-479D-AF52-C422023592FF}"
EndProject
Global
	GlobalSection(SolutionConfigurationPlatforms) = preSolution
		Debug|Any CPU = Debug|Any CPU
		Release|Any CPU = Release|Any CPU
	EndGlobalSection
	GlobalSection(ProjectConfigurationPlatforms) = postSolution
		{80EA57D7-DF88-4D6D-9E14-173EB9F37265}.Debug|Any CPU.ActiveCfg = Debug|Any CPU
		{80EA57D7-DF88-4D6D-9E14-173EB9F37265}.Debug|Any CPU.Build.0 = Debug|Any CPU
		{80EA57D7-DF88-4D6D-9E14-173EB9F37265}.Release|Any CPU.ActiveCfg = Release|Any CPU
		{80EA57D7-DF88-4D6D-9E14-173EB9F37265}.Release|Any CPU.Build.0 = Release|Any CPU
		{81FCA51B-0C88-479D-AF52-C422023592FF}.Debug|Any CPU.ActiveCfg = Debug|Any CPU
		{81FCA51B-0C88-479D-AF52-C422023592FF}.Debug|Any CPU.Build.0 = Debug|Any CPU
		{81FCA51B-0C88-479D-AF52-C422023592FF}.Debug|Any CPU.Deploy.0 = Debug|Any CPU
		{81FCA51B-0C88-479D-AF52-C422023592FF}.Release|Any CPU.ActiveCfg = Release|Any CPU
		{81FCA51B-0C88-479D-AF52-C422023592FF}.Release|Any CPU.Build.0 = Release|Any CPU
		{81FCA51B-0C88-479D-AF52-C422023592FF}.Release|Any CPU.Deploy.0 = Release|Any CPU
	EndGlobalSection
	GlobalSection(SolutionProperties) = preSolution
		HideSolutionNode = FALSE
	EndGlobalSection
	GlobalSection(ExtensibilityGlobals) = postSolution
		SolutionGuid = {10D05BC8-E6CA-487B-8DE9-14CD89A06A0E}
	EndGlobalSection
EndGlobal
